// !$*UTF8*$!
{
	archiveVersion = 1;
	classes = {
	};
	objectVersion = 46;
	objects = {

/* Begin PBXBuildFile section */
		9BC904391D453C790094472F /* AppDelegate.swift in Sources */ = {isa = PBXBuildFile; fileRef = 9BC904381D453C790094472F /* AppDelegate.swift */; };
		9BC9043B1D453C790094472F /* ViewController.swift in Sources */ = {isa = PBXBuildFile; fileRef = 9BC9043A1D453C790094472F /* ViewController.swift */; };
		9BC9043E1D453C790094472F /* Main.storyboard in Resources */ = {isa = PBXBuildFile; fileRef = 9BC9043C1D453C790094472F /* Main.storyboard */; };
		9BC904401D453C790094472F /* Assets.xcassets in Resources */ = {isa = PBXBuildFile; fileRef = 9BC9043F1D453C790094472F /* Assets.xcassets */; };
		9BC904431D453C790094472F /* LaunchScreen.storyboard in Resources */ = {isa = PBXBuildFile; fileRef = 9BC904411D453C790094472F /* LaunchScreen.storyboard */; };
		9BC9044E1D453C790094472F /* Tic_Tac_ToeTests.swift in Sources */ = {isa = PBXBuildFile; fileRef = 9BC9044D1D453C790094472F /* Tic_Tac_ToeTests.swift */; };
		9BC904591D453C790094472F /* Tic_Tac_ToeUITests.swift in Sources */ = {isa = PBXBuildFile; fileRef = 9BC904581D453C790094472F /* Tic_Tac_ToeUITests.swift */; };
/* End PBXBuildFile section */

/* Begin PBXContainerItemProxy section */
		9BC9044A1D453C790094472F /* PBXContainerItemProxy */ = {
			isa = PBXContainerItemProxy;
			containerPortal = 9BC9042D1D453C780094472F /* Project object */;
			proxyType = 1;
			remoteGlobalIDString = 9BC904341D453C780094472F;
			remoteInfo = "Tic Tac Toe";
		};
		9BC904551D453C790094472F /* PBXContainerItemProxy */ = {
			isa = PBXContainerItemProxy;
			containerPortal = 9BC9042D1D453C780094472F /* Project object */;
			proxyType = 1;
			remoteGlobalIDString = 9BC904341D453C780094472F;
			remoteInfo = "Tic Tac Toe";
		};
/* End PBXContainerItemProxy section */

/* Begin PBXFileReference section */
		9BC904351D453C780094472F /* Tic Tac Toe.app */ = {isa = PBXFileReference; explicitFileType = wrapper.application; includeInIndex = 0; path = "Tic Tac Toe.app"; sourceTree = BUILT_PRODUCTS_DIR; };
		9BC904381D453C790094472F /* AppDelegate.swift */ = {isa = PBXFileReference; lastKnownFileType = sourcecode.swift; path = AppDelegate.swift; sourceTree = "<group>"; };
		9BC9043A1D453C790094472F /* ViewController.swift */ = {isa = PBXFileReference; lastKnownFileType = sourcecode.swift; path = ViewController.swift; sourceTree = "<group>"; };
		9BC9043D1D453C790094472F /* Base */ = {isa = PBXFileReference; lastKnownFileType = file.storyboard; name = Base; path = Base.lproj/Main.storyboard; sourceTree = "<group>"; };
		9BC9043F1D453C790094472F /* Assets.xcassets */ = {isa = PBXFileReference; lastKnownFileType = folder.assetcatalog; path = Assets.xcassets; sourceTree = "<group>"; };
		9BC904421D453C790094472F /* Base */ = {isa = PBXFileReference; lastKnownFileType = file.storyboard; name = Base; path = Base.lproj/LaunchScreen.storyboard; sourceTree = "<group>"; };
		9BC904441D453C790094472F /* Info.plist */ = {isa = PBXFileReference; lastKnownFileType = text.plist.xml; path = Info.plist; sourceTree = "<group>"; };
		9BC904491D453C790094472F /* Tic Tac ToeTests.xctest */ = {isa = PBXFileReference; explicitFileType = wrapper.cfbundle; includeInIndex = 0; path = "Tic Tac ToeTests.xctest"; sourceTree = BUILT_PRODUCTS_DIR; };
		9BC9044D1D453C790094472F /* Tic_Tac_ToeTests.swift */ = {isa = PBXFileReference; lastKnownFileType = sourcecode.swift; path = Tic_Tac_ToeTests.swift; sourceTree = "<group>"; };
		9BC9044F1D453C790094472F /* Info.plist */ = {isa = PBXFileReference; lastKnownFileType = text.plist.xml; path = Info.plist; sourceTree = "<group>"; };
		9BC904541D453C790094472F /* Tic Tac ToeUITests.xctest */ = {isa = PBXFileReference; explicitFileType = wrapper.cfbundle; includeInIndex = 0; path = "Tic Tac ToeUITests.xctest"; sourceTree = BUILT_PRODUCTS_DIR; };
		9BC904581D453C790094472F /* Tic_Tac_ToeUITests.swift */ = {isa = PBXFileReference; lastKnownFileType = sourcecode.swift; path = Tic_Tac_ToeUITests.swift; sourceTree = "<group>"; };
		9BC9045A1D453C790094472F /* Info.plist */ = {isa = PBXFileReference; lastKnownFileType = text.plist.xml; path = Info.plist; sourceTree = "<group>"; };
/* End PBXFileReference section */

/* Begin PBXFrameworksBuildPhase section */
		9BC904321D453C780094472F /* Frameworks */ = {
			isa = PBXFrameworksBuildPhase;
			buildActionMask = 2147483647;
			files = (
			);
			runOnlyForDeploymentPostprocessing = 0;
		};
		9BC904461D453C790094472F /* Frameworks */ = {
			isa = PBXFrameworksBuildPhase;
			buildActionMask = 2147483647;
			files = (
			);
			runOnlyForDeploymentPostprocessing = 0;
		};
		9BC904511D453C790094472F /* Frameworks */ = {
			isa = PBXFrameworksBuildPhase;
			buildActionMask = 2147483647;
			files = (
			);
			runOnlyForDeploymentPostprocessing = 0;
		};
/* End PBXFrameworksBuildPhase section */

/* Begin PBXGroup section */
		9BC9042C1D453C780094472F = {
			isa = PBXGroup;
			children = (
				9BC904371D453C780094472F /* Tic Tac Toe */,
				9BC9044C1D453C790094472F /* Tic Tac ToeTests */,
				9BC904571D453C790094472F /* Tic Tac ToeUITests */,
				9BC904361D453C780094472F /* Products */,
			);
			sourceTree = "<group>";
		};
		9BC904361D453C780094472F /* Products */ = {
			isa = PBXGroup;
			children = (
				9BC904351D453C780094472F /* Tic Tac Toe.app */,
				9BC904491D453C790094472F /* Tic Tac ToeTests.xctest */,
				9BC904541D453C790094472F /* Tic Tac ToeUITests.xctest */,
			);
			name = Products;
			sourceTree = "<group>";
		};
		9BC904371D453C780094472F /* Tic Tac Toe */ = {
			isa = PBXGroup;
			children = (
				9BC904381D453C790094472F /* AppDelegate.swift */,
				9BC9043A1D453C790094472F /* ViewController.swift */,
				9BC9043C1D453C790094472F /* Main.storyboard */,
				9BC9043F1D453C790094472F /* Assets.xcassets */,
				9BC904411D453C790094472F /* LaunchScreen.storyboard */,
				9BC904441D453C790094472F /* Info.plist */,
			);
			path = "Tic Tac Toe";
			sourceTree = "<group>";
		};
		9BC9044C1D453C790094472F /* Tic Tac ToeTests */ = {
			isa = PBXGroup;
			children = (
				9BC9044D1D453C790094472F /* Tic_Tac_ToeTests.swift */,
				9BC9044F1D453C790094472F /* Info.plist */,
			);
			path = "Tic Tac ToeTests";
			sourceTree = "<group>";
		};
		9BC904571D453C790094472F /* Tic Tac ToeUITests */ = {
			isa = PBXGroup;
			children = (
				9BC904581D453C790094472F /* Tic_Tac_ToeUITests.swift */,
				9BC9045A1D453C790094472F /* Info.plist */,
			);
			path = "Tic Tac ToeUITests";
			sourceTree = "<group>";
		};
/* End PBXGroup section */

/* Begin PBXNativeTarget section */
		9BC904341D453C780094472F /* Tic Tac Toe */ = {
			isa = PBXNativeTarget;
			buildConfigurationList = 9BC9045D1D453C790094472F /* Build configuration list for PBXNativeTarget "Tic Tac Toe" */;
			buildPhases = (
				9BC904311D453C780094472F /* Sources */,
				9BC904321D453C780094472F /* Frameworks */,
				9BC904331D453C780094472F /* Resources */,
			);
			buildRules = (
			);
			dependencies = (
			);
			name = "Tic Tac Toe";
			productName = "Tic Tac Toe";
			productReference = 9BC904351D453C780094472F /* Tic Tac Toe.app */;
			productType = "com.apple.product-type.application";
		};
		9BC904481D453C790094472F /* Tic Tac ToeTests */ = {
			isa = PBXNativeTarget;
			buildConfigurationList = 9BC904601D453C790094472F /* Build configuration list for PBXNativeTarget "Tic Tac ToeTests" */;
			buildPhases = (
				9BC904451D453C790094472F /* Sources */,
				9BC904461D453C790094472F /* Frameworks */,
				9BC904471D453C790094472F /* Resources */,
			);
			buildRules = (
			);
			dependencies = (
				9BC9044B1D453C790094472F /* PBXTargetDependency */,
			);
			name = "Tic Tac ToeTests";
			productName = "Tic Tac ToeTests";
			productReference = 9BC904491D453C790094472F /* Tic Tac ToeTests.xctest */;
			productType = "com.apple.product-type.bundle.unit-test";
		};
		9BC904531D453C790094472F /* Tic Tac ToeUITests */ = {
			isa = PBXNativeTarget;
			buildConfigurationList = 9BC904631D453C790094472F /* Build configuration list for PBXNativeTarget "Tic Tac ToeUITests" */;
			buildPhases = (
				9BC904501D453C790094472F /* Sources */,
				9BC904511D453C790094472F /* Frameworks */,
				9BC904521D453C790094472F /* Resources */,
			);
			buildRules = (
			);
			dependencies = (
				9BC904561D453C790094472F /* PBXTargetDependency */,
			);
			name = "Tic Tac ToeUITests";
			productName = "Tic Tac ToeUITests";
			productReference = 9BC904541D453C790094472F /* Tic Tac ToeUITests.xctest */;
			productType = "com.apple.product-type.bundle.ui-testing";
		};
/* End PBXNativeTarget section */

/* Begin PBXProject section */
		9BC9042D1D453C780094472F /* Project object */ = {
			isa = PBXProject;
			attributes = {
				LastSwiftUpdateCheck = 0730;
				LastUpgradeCheck = 0730;
				ORGANIZATIONNAME = "Nima Farahani";
				TargetAttributes = {
					9BC904341D453C780094472F = {
						CreatedOnToolsVersion = 7.3.1;
					};
					9BC904481D453C790094472F = {
						CreatedOnToolsVersion = 7.3.1;
						TestTargetID = 9BC904341D453C780094472F;
					};
					9BC904531D453C790094472F = {
						CreatedOnToolsVersion = 7.3.1;
						TestTargetID = 9BC904341D453C780094472F;
					};
				};
			};
			buildConfigurationList = 9BC904301D453C780094472F /* Build configuration list for PBXProject "Tic Tac Toe" */;
			compatibilityVersion = "Xcode 3.2";
			developmentRegion = English;
			hasScannedForEncodings = 0;
			knownRegions = (
				en,
				Base,
			);
			mainGroup = 9BC9042C1D453C780094472F;
			productRefGroup = 9BC904361D453C780094472F /* Products */;
			projectDirPath = "";
			projectRoot = "";
			targets = (
				9BC904341D453C780094472F /* Tic Tac Toe */,
				9BC904481D453C790094472F /* Tic Tac ToeTests */,
				9BC904531D453C790094472F /* Tic Tac ToeUITests */,
			);
		};
/* End PBXProject section */

/* Begin PBXResourcesBuildPhase section */
		9BC904331D453C780094472F /* Resources */ = {
			isa = PBXResourcesBuildPhase;
			buildActionMask = 2147483647;
			files = (
				9BC904431D453C790094472F /* LaunchScreen.storyboard in Resources */,
				9BC904401D453C790094472F /* Assets.xcassets in Resources */,
				9BC9043E1D453C790094472F /* Main.storyboard in Resources */,
			);
			runOnlyForDeploymentPostprocessing = 0;
		};
		9BC904471D453C790094472F /* Resources */ = {
			isa = PBXResourcesBuildPhase;
			buildActionMask = 2147483647;
			files = (
			);
			runOnlyForDeploymentPostprocessing = 0;
		};
		9BC904521D453C790094472F /* Resources */ = {
			isa = PBXResourcesBuildPhase;
			buildActionMask = 2147483647;
			files = (
			);
			runOnlyForDeploymentPostprocessing = 0;
		};
/* End PBXResourcesBuildPhase section */

/* Begin PBXSourcesBuildPhase section */
		9BC904311D453C780094472F /* Sources */ = {
			isa = PBXSourcesBuildPhase;
			buildActionMask = 2147483647;
			files = (
				9BC9043B1D453C790094472F /* ViewController.swift in Sources */,
				9BC904391D453C790094472F /* AppDelegate.swift in Sources */,
			);
			runOnlyForDeploymentPostprocessing = 0;
		};
		9BC904451D453C790094472F /* Sources */ = {
			isa = PBXSourcesBuildPhase;
			buildActionMask = 2147483647;
			files = (
				9BC9044E1D453C790094472F /* Tic_Tac_ToeTests.swift in Sources */,
			);
			runOnlyForDeploymentPostprocessing = 0;
		};
		9BC904501D453C790094472F /* Sources */ = {
			isa = PBXSourcesBuildPhase;
			buildActionMask = 2147483647;
			files = (
				9BC904591D453C790094472F /* Tic_Tac_ToeUITests.swift in Sources */,
			);
			runOnlyForDeploymentPostprocessing = 0;
		};
/* End PBXSourcesBuildPhase section */

/* Begin PBXTargetDependency section */
		9BC9044B1D453C790094472F /* PBXTargetDependency */ = {
			isa = PBXTargetDependency;
			target = 9BC904341D453C780094472F /* Tic Tac Toe */;
			targetProxy = 9BC9044A1D453C790094472F /* PBXContainerItemProxy */;
		};
		9BC904561D453C790094472F /* PBXTargetDependency */ = {
			isa = PBXTargetDependency;
			target = 9BC904341D453C780094472F /* Tic Tac Toe */;
			targetProxy = 9BC904551D453C790094472F /* PBXContainerItemProxy */;
		};
/* End PBXTargetDependency section */

/* Begin PBXVariantGroup section */
		9BC9043C1D453C790094472F /* Main.storyboard */ = {
			isa = PBXVariantGroup;
			children = (
				9BC9043D1D453C790094472F /* Base */,
			);
			name = Main.storyboard;
			sourceTree = "<group>";
		};
		9BC904411D453C790094472F /* LaunchScreen.storyboard */ = {
			isa = PBXVariantGroup;
			children = (
				9BC904421D453C790094472F /* Base */,
			);
			name = LaunchScreen.storyboard;
			sourceTree = "<group>";
		};
/* End PBXVariantGroup section */

/* Begin XCBuildConfiguration section */
		9BC9045B1D453C790094472F /* Debug */ = {
			isa = XCBuildConfiguration;
			buildSettings = {
				ALWAYS_SEARCH_USER_PATHS = NO;
				CLANG_ANALYZER_NONNULL = YES;
				CLANG_CXX_LANGUAGE_STANDARD = "gnu++0x";
				CLANG_CXX_LIBRARY = "libc++";
				CLANG_ENABLE_MODULES = YES;
				CLANG_ENABLE_OBJC_ARC = YES;
				CLANG_WARN_BOOL_CONVERSION = YES;
				CLANG_WARN_CONSTANT_CONVERSION = YES;
				CLANG_WARN_DIRECT_OBJC_ISA_USAGE = YES_ERROR;
				CLANG_WARN_EMPTY_BODY = YES;
				CLANG_WARN_ENUM_CONVERSION = YES;
				CLANG_WARN_INT_CONVERSION = YES;
				CLANG_WARN_OBJC_ROOT_CLASS = YES_ERROR;
				CLANG_WARN_UNREACHABLE_CODE = YES;
				CLANG_WARN__DUPLICATE_METHOD_MATCH = YES;
				"CODE_SIGN_IDENTITY[sdk=iphoneos*]" = "iPhone Developer";
				COPY_PHASE_STRIP = NO;
				DEBUG_INFORMATION_FORMAT = dwarf;
				ENABLE_STRICT_OBJC_MSGSEND = YES;
				ENABLE_TESTABILITY = YES;
				GCC_C_LANGUAGE_STANDARD = gnu99;
				GCC_DYNAMIC_NO_PIC = NO;
				GCC_NO_COMMON_BLOCKS = YES;
				GCC_OPTIMIZATION_LEVEL = 0;
				GCC_PREPROCESSOR_DEFINITIONS = (
					"DEBUG=1",
					"$(inherited)",
				);
				GCC_WARN_64_TO_32_BIT_CONVERSION = YES;
				GCC_WARN_ABOUT_RETURN_TYPE = YES_ERROR;
				GCC_WARN_UNDECLARED_SELECTOR = YES;
				GCC_WARN_UNINITIALIZED_AUTOS = YES_AGGRESSIVE;
				GCC_WARN_UNUSED_FUNCTION = YES;
				GCC_WARN_UNUSED_VARIABLE = YES;
				IPHONEOS_DEPLOYMENT_TARGET = 9.3;
				MTL_ENABLE_DEBUG_INFO = YES;
				ONLY_ACTIVE_ARCH = YES;
				SDKROOT = iphoneos;
				SWIFT_OPTIMIZATION_LEVEL = "-Onone";
				TARGETED_DEVICE_FAMILY = "1,2";
			};
			name = Debug;
		};
		9BC9045C1D453C790094472F /* Release */ = {
			isa = XCBuildConfiguration;
			buildSettings = {
				ALWAYS_SEARCH_USER_PATHS = NO;
				CLANG_ANALYZER_NONNULL = YES;
				CLANG_CXX_LANGUAGE_STANDARD = "gnu++0x";
				CLANG_CXX_LIBRARY = "libc++";
				CLANG_ENABLE_MODULES = YES;
				CLANG_ENABLE_OBJC_ARC = YES;
				CLANG_WARN_BOOL_CONVERSION = YES;
				CLANG_WARN_CONSTANT_CONVERSION = YES;
				CLANG_WARN_DIRECT_OBJC_ISA_USAGE = YES_ERROR;
				CLANG_WARN_EMPTY_BODY = YES;
				CLANG_WARN_ENUM_CONVERSION = YES;
				CLANG_WARN_INT_CONVERSION = YES;
				CLANG_WARN_OBJC_ROOT_CLASS = YES_ERROR;
				CLANG_WARN_UNREACHABLE_CODE = YES;
				CLANG_WARN__DUPLICATE_METHOD_MATCH = YES;
				"CODE_SIGN_IDENTITY[sdk=iphoneos*]" = "iPhone Developer";
				COPY_PHASE_STRIP = NO;
				DEBUG_INFORMATION_FORMAT = "dwarf-with-dsym";
				ENABLE_NS_ASSERTIONS = NO;
				ENABLE_STRICT_OBJC_MSGSEND = YES;
				GCC_C_LANGUAGE_STANDARD = gnu99;
				GCC_NO_COMMON_BLOCKS = YES;
				GCC_WARN_64_TO_32_BIT_CONVERSION = YES;
				GCC_WARN_ABOUT_RETURN_TYPE = YES_ERROR;
				GCC_WARN_UNDECLARED_SELECTOR = YES;
				GCC_WARN_UNINITIALIZED_AUTOS = YES_AGGRESSIVE;
				GCC_WARN_UNUSED_FUNCTION = YES;
				GCC_WARN_UNUSED_VARIABLE = YES;
				IPHONEOS_DEPLOYMENT_TARGET = 9.3;
				MTL_ENABLE_DEBUG_INFO = NO;
				SDKROOT = iphoneos;
				TARGETED_DEVICE_FAMILY = "1,2";
				VALIDATE_PRODUCT = YES;
			};
			name = Release;
		};
		9BC9045E1D453C790094472F /* Debug */ = {
			isa = XCBuildConfiguration;
			buildSettings = {
				ASSETCATALOG_COMPILER_APPICON_NAME = AppIcon;
				INFOPLIST_FILE = "Tic Tac Toe/Info.plist";
				LD_RUNPATH_SEARCH_PATHS = "$(inherited) @executable_path/Frameworks";
				PRODUCT_BUNDLE_IDENTIFIER = "nima.Tic-Tac-Toe";
				PRODUCT_NAME = "$(TARGET_NAME)";
			};
			name = Debug;
		};
		9BC9045F1D453C790094472F /* Release */ = {
			isa = XCBuildConfiguration;
			buildSettings = {
				ASSETCATALOG_COMPILER_APPICON_NAME = AppIcon;
				INFOPLIST_FILE = "Tic Tac Toe/Info.plist";
				LD_RUNPATH_SEARCH_PATHS = "$(inherited) @executable_path/Frameworks";
				PRODUCT_BUNDLE_IDENTIFIER = "nima.Tic-Tac-Toe";
				PRODUCT_NAME = "$(TARGET_NAME)";
			};
			name = Release;
		};
		9BC904611D453C790094472F /* Debug */ = {
			isa = XCBuildConfiguration;
			buildSettings = {
				BUNDLE_LOADER = "$(TEST_HOST)";
				INFOPLIST_FILE = "Tic Tac ToeTests/Info.plist";
				LD_RUNPATH_SEARCH_PATHS = "$(inherited) @executable_path/Frameworks @loader_path/Frameworks";
				PRODUCT_BUNDLE_IDENTIFIER = "nima.Tic-Tac-ToeTests";
				PRODUCT_NAME = "$(TARGET_NAME)";
				TEST_HOST = "$(BUILT_PRODUCTS_DIR)/Tic Tac Toe.app/Tic Tac Toe";
			};
			name = Debug;
		};
		9BC904621D453C790094472F /* Release */ = {
			isa = XCBuildConfiguration;
			buildSettings = {
				BUNDLE_LOADER = "$(TEST_HOST)";
				INFOPLIST_FILE = "Tic Tac ToeTests/Info.plist";
				LD_RUNPATH_SEARCH_PATHS = "$(inherited) @executable_path/Frameworks @loader_path/Frameworks";
				PRODUCT_BUNDLE_IDENTIFIER = "nima.Tic-Tac-ToeTests";
				PRODUCT_NAME = "$(TARGET_NAME)";
				TEST_HOST = "$(BUILT_PRODUCTS_DIR)/Tic Tac Toe.app/Tic Tac Toe";
			};
			name = Release;
		};
		9BC904641D453C790094472F /* Debug */ = {
			isa = XCBuildConfiguration;
			buildSettings = {
				INFOPLIST_FILE = "Tic Tac ToeUITests/Info.plist";
				LD_RUNPATH_SEARCH_PATHS = "$(inherited) @executable_path/Frameworks @loader_path/Frameworks";
				PRODUCT_BUNDLE_IDENTIFIER = "nima.Tic-Tac-ToeUITests";
				PRODUCT_NAME = "$(TARGET_NAME)";
				TEST_TARGET_NAME = "Tic Tac Toe";
			};
			name = Debug;
		};
		9BC904651D453C790094472F /* Release */ = {
			isa = XCBuildConfiguration;
			buildSettings = {
				INFOPLIST_FILE = "Tic Tac ToeUITests/Info.plist";
				LD_RUNPATH_SEARCH_PATHS = "$(inherited) @executable_path/Frameworks @loader_path/Frameworks";
				PRODUCT_BUNDLE_IDENTIFIER = "nima.Tic-Tac-ToeUITests";
				PRODUCT_NAME = "$(TARGET_NAME)";
				TEST_TARGET_NAME = "Tic Tac Toe";
			};
			name = Release;
		};
/* End XCBuildConfiguration section */

/* Begin XCConfigurationList section */
		9BC904301D453C780094472F /* Build configuration list for PBXProject "Tic Tac Toe" */ = {
			isa = XCConfigurationList;
			buildConfigurations = (
				9BC9045B1D453C790094472F /* Debug */,
				9BC9045C1D453C790094472F /* Release */,
			);
			defaultConfigurationIsVisible = 0;
			defaultConfigurationName = Release;
		};
		9BC9045D1D453C790094472F /* Build configuration list for PBXNativeTarget "Tic Tac Toe" */ = {
			isa = XCConfigurationList;
			buildConfigurations = (
				9BC9045E1D453C790094472F /* Debug */,
				9BC9045F1D453C790094472F /* Release */,
			);
			defaultConfigurationIsVisible = 0;
		};
		9BC904601D453C790094472F /* Build configuration list for PBXNativeTarget "Tic Tac ToeTests" */ = {
			isa = XCConfigurationList;
			buildConfigurations = (
				9BC904611D453C790094472F /* Debug */,
				9BC904621D453C790094472F /* Release */,
			);
			defaultConfigurationIsVisible = 0;
		};
		9BC904631D453C790094472F /* Build configuration list for PBXNativeTarget "Tic Tac ToeUITests" */ = {
			isa = XCConfigurationList;
			buildConfigurations = (
				9BC904641D453C790094472F /* Debug */,
				9BC904651D453C790094472F /* Release */,
			);
			defaultConfigurationIsVisible = 0;
		};
/* End XCConfigurationList section */
	};
	rootObject = 9BC9042D1D453C780094472F /* Project object */;
}
